
Microsoft Visual Studio Solution File, Format Version 12.00
# Visual Studio Version 16
VisualStudioVersion = 16.0.31220.234
MinimumVisualStudioVersion = 10.0.40219.1
Project("{9A19103F-16F7-4668-BE54-9A1E7A4F7556}") = "SujaySarma.Data.Azure.Tables", "SujaySarma.Data.Azure.Tables.csproj", "{9A7E65C4-13E7-4F9E-9150-795B1A5DA1C4}"
EndProject
Project("{FAE04EC0-301F-11D3-BF4B-00C04F79EFBC}") = "AzureTables.Test", "..\AzureTables.Test\AzureTables.Test.csproj", "{C1BCDB04-744D-4785-BAAB-D2B98373D037}"
EndProject
Global
	GlobalSection(SolutionConfigurationPlatforms) = preSolution
		Debug|Any CPU = Debug|Any CPU
		Release|Any CPU = Release|Any CPU
	EndGlobalSection
	GlobalSection(ProjectConfigurationPlatforms) = postSolution
		{9A7E65C4-13E7-4F9E-9150-795B1A5DA1C4}.Debug|Any CPU.ActiveCfg = Debug|Any CPU
		{9A7E65C4-13E7-4F9E-9150-795B1A5DA1C4}.Debug|Any CPU.Build.0 = Debug|Any CPU
		{9A7E65C4-13E7-4F9E-9150-795B1A5DA1C4}.Release|Any CPU.ActiveCfg = Release|Any CPU
		{9A7E65C4-13E7-4F9E-9150-795B1A5DA1C4}.Release|Any CPU.Build.0 = Release|Any CPU
		{C1BCDB04-744D-4785-BAAB-D2B98373D037}.Debug|Any CPU.ActiveCfg = Debug|Any CPU
		{C1BCDB04-744D-4785-BAAB-D2B98373D037}.Debug|Any CPU.Build.0 = Debug|Any CPU
		{C1BCDB04-744D-4785-BAAB-D2B98373D037}.Release|Any CPU.ActiveCfg = Release|Any CPU
		{C1BCDB04-744D-4785-BAAB-D2B98373D037}.Release|Any CPU.Build.0 = Release|Any CPU
	EndGlobalSection
	GlobalSection(SolutionProperties) = preSolution
		HideSolutionNode = FALSE
	EndGlobalSection
	GlobalSection(ExtensibilityGlobals) = postSolution
		SolutionGuid = {0A42A0B8-4066-46CA-A5AD-57461AA292EE}
	EndGlobalSection
EndGlobal
